
Microsoft Visual Studio Solution File, Format Version 12.00
# Visual Studio Version 16
VisualStudioVersion = 16.0.31005.135
MinimumVisualStudioVersion = 10.0.40219.1
Project("{FAE04EC0-301F-11D3-BF4B-00C04F79EFBC}") = "passwordGenerator", "passwordGenerator\passwordGenerator.csproj", "{0316B4A2-7847-4075-B8B1-7B7474C79857}"
EndProject
Project("{54435603-DBB4-11D2-8724-00A0C9A8B90C}") = "Setup", "Setup\Setup.vdproj", "{EDDF6605-AE3D-413D-8B47-1D5773406724}"
EndProject
Global
	GlobalSection(SolutionConfigurationPlatforms) = preSolution
		Debug|Any CPU = Debug|Any CPU
		Release|Any CPU = Release|Any CPU
	EndGlobalSection
	GlobalSection(ProjectConfigurationPlatforms) = postSolution
		{0316B4A2-7847-4075-B8B1-7B7474C79857}.Debug|Any CPU.ActiveCfg = Debug|Any CPU
		{0316B4A2-7847-4075-B8B1-7B7474C79857}.Debug|Any CPU.Build.0 = Debug|Any CPU
		{0316B4A2-7847-4075-B8B1-7B7474C79857}.Release|Any CPU.ActiveCfg = Release|Any CPU
		{0316B4A2-7847-4075-B8B1-7B7474C79857}.Release|Any CPU.Build.0 = Release|Any CPU
		{EDDF6605-AE3D-413D-8B47-1D5773406724}.Debug|Any CPU.ActiveCfg = Debug
		{EDDF6605-AE3D-413D-8B47-1D5773406724}.Release|Any CPU.ActiveCfg = Release
	EndGlobalSection
	GlobalSection(SolutionProperties) = preSolution
		HideSolutionNode = FALSE
	EndGlobalSection
	GlobalSection(ExtensibilityGlobals) = postSolution
		SolutionGuid = {D33F5173-EDA6-45D4-A94D-6D966116C8FC}
	EndGlobalSection
EndGlobal
